
Microsoft Visual Studio Solution File, Format Version 12.00
# Visual Studio 15
VisualStudioVersion = 15.0.28307.489
MinimumVisualStudioVersion = 10.0.40219.1
Project("{FAE04EC0-301F-11D3-BF4B-00C04F79EFBC}") = "RandomUnzip", "RandomUnzip\RandomUnzip.csproj", "{10C77382-A687-4F6B-9927-079C0B4C1F41}"
EndProject
Global
	GlobalSection(SolutionConfigurationPlatforms) = preSolution
		Debug|Any CPU = Debug|Any CPU
		Release|Any CPU = Release|Any CPU
	EndGlobalSection
	GlobalSection(ProjectConfigurationPlatforms) = postSolution
		{10C77382-A687-4F6B-9927-079C0B4C1F41}.Debug|Any CPU.ActiveCfg = Debug|Any CPU
		{10C77382-A687-4F6B-9927-079C0B4C1F41}.Debug|Any CPU.Build.0 = Debug|Any CPU
		{10C77382-A687-4F6B-9927-079C0B4C1F41}.Release|Any CPU.ActiveCfg = Release|Any CPU
		{10C77382-A687-4F6B-9927-079C0B4C1F41}.Release|Any CPU.Build.0 = Release|Any CPU
	EndGlobalSection
	GlobalSection(SolutionProperties) = preSolution
		HideSolutionNode = FALSE
	EndGlobalSection
	GlobalSection(ExtensibilityGlobals) = postSolution
		SolutionGuid = {DED55747-408E-451D-9C6C-90672054F79D}
	EndGlobalSection
EndGlobal
